// !$*UTF8*$!
{
	archiveVersion = 1;
	classes = {
	};
	objectVersion = 50;
	objects = {

/* Begin PBXBuildFile section */
		D058D5992309E10C00B30641 /* AppDelegate.swift in Sources */ = {isa = PBXBuildFile; fileRef = D058D5982309E10C00B30641 /* AppDelegate.swift */; };
		D058D59B2309E10C00B30641 /* SceneDelegate.swift in Sources */ = {isa = PBXBuildFile; fileRef = D058D59A2309E10C00B30641 /* SceneDelegate.swift */; };
		D058D59D2309E10C00B30641 /* ViewController.swift in Sources */ = {isa = PBXBuildFile; fileRef = D058D59C2309E10C00B30641 /* ViewController.swift */; };
		D058D5A02309E10C00B30641 /* Main.storyboard in Resources */ = {isa = PBXBuildFile; fileRef = D058D59E2309E10C00B30641 /* Main.storyboard */; };
		D058D5A22309E10D00B30641 /* Assets.xcassets in Resources */ = {isa = PBXBuildFile; fileRef = D058D5A12309E10D00B30641 /* Assets.xcassets */; };
		D058D5A52309E10D00B30641 /* LaunchScreen.storyboard in Resources */ = {isa = PBXBuildFile; fileRef = D058D5A32309E10D00B30641 /* LaunchScreen.storyboard */; };
/* End PBXBuildFile section */

/* Begin PBXFileReference section */
		D058D5952309E10C00B30641 /* SwiftChart-Example.app */ = {isa = PBXFileReference; explicitFileType = wrapper.application; includeInIndex = 0; path = "SwiftChart-Example.app"; sourceTree = BUILT_PRODUCTS_DIR; };
		D058D5982309E10C00B30641 /* AppDelegate.swift */ = {isa = PBXFileReference; lastKnownFileType = sourcecode.swift; path = AppDelegate.swift; sourceTree = "<group>"; };
		D058D59A2309E10C00B30641 /* SceneDelegate.swift */ = {isa = PBXFileReference; lastKnownFileType = sourcecode.swift; path = SceneDelegate.swift; sourceTree = "<group>"; };
		D058D59C2309E10C00B30641 /* ViewController.swift */ = {isa = PBXFileReference; lastKnownFileType = sourcecode.swift; path = ViewController.swift; sourceTree = "<group>"; };
		D058D59F2309E10C00B30641 /* Base */ = {isa = PBXFileReference; lastKnownFileType = file.storyboard; name = Base; path = Base.lproj/Main.storyboard; sourceTree = "<group>"; };
		D058D5A12309E10D00B30641 /* Assets.xcassets */ = {isa = PBXFileReference; lastKnownFileType = folder.assetcatalog; path = Assets.xcassets; sourceTree = "<group>"; };
		D058D5A42309E10D00B30641 /* Base */ = {isa = PBXFileReference; lastKnownFileType = file.storyboard; name = Base; path = Base.lproj/LaunchScreen.storyboard; sourceTree = "<group>"; };
		D058D5A62309E10D00B30641 /* Info.plist */ = {isa = PBXFileReference; lastKnownFileType = text.plist.xml; path = Info.plist; sourceTree = "<group>"; };
/* End PBXFileReference section */

/* Begin PBXFrameworksBuildPhase section */
		D058D5922309E10C00B30641 /* Frameworks */ = {
			isa = PBXFrameworksBuildPhase;
			buildActionMask = 2147483647;
			files = (
			);
			runOnlyForDeploymentPostprocessing = 0;
		};
/* End PBXFrameworksBuildPhase section */

/* Begin PBXGroup section */
		D058D58C2309E10C00B30641 = {
			isa = PBXGroup;
			children = (
				D058D5972309E10C00B30641 /* SwiftChart-Example */,
				D058D5962309E10C00B30641 /* Products */,
			);
			sourceTree = "<group>";
		};
		D058D5962309E10C00B30641 /* Products */ = {
			isa = PBXGroup;
			children = (
				D058D5952309E10C00B30641 /* SwiftChart-Example.app */,
			);
			name = Products;
			sourceTree = "<group>";
		};
		D058D5972309E10C00B30641 /* SwiftChart-Example */ = {
			isa = PBXGroup;
			children = (
				D058D5982309E10C00B30641 /* AppDelegate.swift */,
				D058D59A2309E10C00B30641 /* SceneDelegate.swift */,
				D058D59C2309E10C00B30641 /* ViewController.swift */,
				D058D59E2309E10C00B30641 /* Main.storyboard */,
				D058D5A12309E10D00B30641 /* Assets.xcassets */,
				D058D5A32309E10D00B30641 /* LaunchScreen.storyboard */,
				D058D5A62309E10D00B30641 /* Info.plist */,
			);
			path = "SwiftChart-Example";
			sourceTree = "<group>";
		};
/* End PBXGroup section */

/* Begin PBXNativeTarget section */
		D058D5942309E10C00B30641 /* SwiftChart-Example */ = {
			isa = PBXNativeTarget;
			buildConfigurationList = D058D5A92309E10D00B30641 /* Build configuration list for PBXNativeTarget "SwiftChart-Example" */;
			buildPhases = (
				D058D5912309E10C00B30641 /* Sources */,
				D058D5922309E10C00B30641 /* Frameworks */,
				D058D5932309E10C00B30641 /* Resources */,
			);
			buildRules = (
			);
			dependencies = (
			);
			name = "SwiftChart-Example";
			productName = "SwiftChart-Example";
			productReference = D058D5952309E10C00B30641 /* SwiftChart-Example.app */;
			productType = "com.apple.product-type.application";
		};
/* End PBXNativeTarget section */

/* Begin PBXProject section */
		D058D58D2309E10C00B30641 /* Project object */ = {
			isa = PBXProject;
			attributes = {
				LastSwiftUpdateCheck = 1100;
				LastUpgradeCheck = 1100;
				ORGANIZATIONNAME = "Peter Salz App Development";
				TargetAttributes = {
					D058D5942309E10C00B30641 = {
						CreatedOnToolsVersion = 11.0;
					};
				};
			};
			buildConfigurationList = D058D5902309E10C00B30641 /* Build configuration list for PBXProject "SwiftChart-Example" */;
			compatibilityVersion = "Xcode 9.3";
			developmentRegion = en;
			hasScannedForEncodings = 0;
			knownRegions = (
				en,
				Base,
			);
			mainGroup = D058D58C2309E10C00B30641;
			productRefGroup = D058D5962309E10C00B30641 /* Products */;
			projectDirPath = "";
			projectRoot = "";
			targets = (
				D058D5942309E10C00B30641 /* SwiftChart-Example */,
			);
		};
/* End PBXProject section */

/* Begin PBXResourcesBuildPhase section */
		D058D5932309E10C00B30641 /* Resources */ = {
			isa = PBXResourcesBuildPhase;
			buildActionMask = 2147483647;
			files = (
				D058D5A52309E10D00B30641 /* LaunchScreen.storyboard in Resources */,
				D058D5A22309E10D00B30641 /* Assets.xcassets in Resources */,
				D058D5A02309E10C00B30641 /* Main.storyboard in Resources */,
			);
			runOnlyForDeploymentPostprocessing = 0;
		};
/* End PBXResourcesBuildPhase section */

/* Begin PBXSourcesBuildPhase section */
		D058D5912309E10C00B30641 /* Sources */ = {
			isa = PBXSourcesBuildPhase;
			buildActionMask = 2147483647;
			files = (
				D058D59D2309E10C00B30641 /* ViewController.swift in Sources */,
				D058D5992309E10C00B30641 /* AppDelegate.swift in Sources */,
				D058D59B2309E10C00B30641 /* SceneDelegate.swift in Sources */,
			);
			runOnlyForDeploymentPostprocessing = 0;
		};
/* End PBXSourcesBuildPhase section */

/* Begin PBXVariantGroup section */
		D058D59E2309E10C00B30641 /* Main.storyboard */ = {
			isa = PBXVariantGroup;
			children = (
				D058D59F2309E10C00B30641 /* Base */,
			);
			name = Main.storyboard;
			sourceTree = "<group>";
		};
		D058D5A32309E10D00B30641 /* LaunchScreen.storyboard */ = {
			isa = PBXVariantGroup;
			children = (
				D058D5A42309E10D00B30641 /* Base */,
			);
			name = LaunchScreen.storyboard;
			sourceTree = "<group>";
		};
/* End PBXVariantGroup section */

/* Begin XCBuildConfiguration section */
		D058D5A72309E10D00B30641 /* Debug */ = {
			isa = XCBuildConfiguration;
			buildSettings = {
				ALWAYS_SEARCH_USER_PATHS = NO;
				CLANG_ANALYZER_NONNULL = YES;
				CLANG_ANALYZER_NUMBER_OBJECT_CONVERSION = YES_AGGRESSIVE;
				CLANG_CXX_LANGUAGE_STANDARD = "gnu++14";
				CLANG_CXX_LIBRARY = "libc++";
				CLANG_ENABLE_MODULES = YES;
				CLANG_ENABLE_OBJC_ARC = YES;
				CLANG_ENABLE_OBJC_WEAK = YES;
				CLANG_WARN_BLOCK_CAPTURE_AUTORELEASING = YES;
				CLANG_WARN_BOOL_CONVERSION = YES;
				CLANG_WARN_COMMA = YES;
				CLANG_WARN_CONSTANT_CONVERSION = YES;
				CLANG_WARN_DEPRECATED_OBJC_IMPLEMENTATIONS = YES;
				CLANG_WARN_DIRECT_OBJC_ISA_USAGE = YES_ERROR;
				CLANG_WARN_DOCUMENTATION_COMMENTS = YES;
				CLANG_WARN_EMPTY_BODY = YES;
				CLANG_WARN_ENUM_CONVERSION = YES;
				CLANG_WARN_INFINITE_RECURSION = YES;
				CLANG_WARN_INT_CONVERSION = YES;
				CLANG_WARN_NON_LITERAL_NULL_CONVERSION = YES;
				CLANG_WARN_OBJC_IMPLICIT_RETAIN_SELF = YES;
				CLANG_WARN_OBJC_LITERAL_CONVERSION = YES;
				CLANG_WARN_OBJC_ROOT_CLASS = YES_ERROR;
				CLANG_WARN_RANGE_LOOP_ANALYSIS = YES;
				CLANG_WARN_STRICT_PROTOTYPES = YES;
				CLANG_WARN_SUSPICIOUS_MOVE = YES;
				CLANG_WARN_UNGUARDED_AVAILABILITY = YES_AGGRESSIVE;
				CLANG_WARN_UNREACHABLE_CODE = YES;
				CLANG_WARN__DUPLICATE_METHOD_MATCH = YES;
				COPY_PHASE_STRIP = NO;
				DEBUG_INFORMATION_FORMAT = dwarf;
				ENABLE_STRICT_OBJC_MSGSEND = YES;
				ENABLE_TESTABILITY = YES;
				GCC_C_LANGUAGE_STANDARD = gnu11;
				GCC_DYNAMIC_NO_PIC = NO;
				GCC_NO_COMMON_BLOCKS = YES;
				GCC_OPTIMIZATION_LEVEL = 0;
				GCC_PREPROCESSOR_DEFINITIONS = (
					"DEBUG=1",
					"$(inherited)",
				);
				GCC_WARN_64_TO_32_BIT_CONVERSION = YES;
				GCC_WARN_ABOUT_RETURN_TYPE = YES_ERROR;
				GCC_WARN_UNDECLARED_SELECTOR = YES;
				GCC_WARN_UNINITIALIZED_AUTOS = YES_AGGRESSIVE;
				GCC_WARN_UNUSED_FUNCTION = YES;
				GCC_WARN_UNUSED_VARIABLE = YES;
				IPHONEOS_DEPLOYMENT_TARGET = 13.0;
				MTL_ENABLE_DEBUG_INFO = INCLUDE_SOURCE;
				MTL_FAST_MATH = YES;
				ONLY_ACTIVE_ARCH = YES;
				SDKROOT = iphoneos;
				SWIFT_ACTIVE_COMPILATION_CONDITIONS = DEBUG;
				SWIFT_OPTIMIZATION_LEVEL = "-Onone";
			};
			name = Debug;
		};
		D058D5A82309E10D00B30641 /* Release */ = {
			isa = XCBuildConfiguration;
			buildSettings = {
				ALWAYS_SEARCH_USER_PATHS = NO;
				CLANG_ANALYZER_NONNULL = YES;
				CLANG_ANALYZER_NUMBER_OBJECT_CONVERSION = YES_AGGRESSIVE;
				CLANG_CXX_LANGUAGE_STANDARD = "gnu++14";
				CLANG_CXX_LIBRARY = "libc++";
				CLANG_ENABLE_MODULES = YES;
				CLANG_ENABLE_OBJC_ARC = YES;
				CLANG_ENABLE_OBJC_WEAK = YES;
				CLANG_WARN_BLOCK_CAPTURE_AUTORELEASING = YES;
				CLANG_WARN_BOOL_CONVERSION = YES;
				CLANG_WARN_COMMA = YES;
				CLANG_WARN_CONSTANT_CONVERSION = YES;
				CLANG_WARN_DEPRECATED_OBJC_IMPLEMENTATIONS = YES;
				CLANG_WARN_DIRECT_OBJC_ISA_USAGE = YES_ERROR;
				CLANG_WARN_DOCUMENTATION_COMMENTS = YES;
				CLANG_WARN_EMPTY_BODY = YES;
				CLANG_WARN_ENUM_CONVERSION = YES;
				CLANG_WARN_INFINITE_RECURSION = YES;
				CLANG_WARN_INT_CONVERSION = YES;
				CLANG_WARN_NON_LITERAL_NULL_CONVERSION = YES;
				CLANG_WARN_OBJC_IMPLICIT_RETAIN_SELF = YES;
				CLANG_WARN_OBJC_LITERAL_CONVERSION = YES;
				CLANG_WARN_OBJC_ROOT_CLASS = YES_ERROR;
				CLANG_WARN_RANGE_LOOP_ANALYSIS = YES;
				CLANG_WARN_STRICT_PROTOTYPES = YES;
				CLANG_WARN_SUSPICIOUS_MOVE = YES;
				CLANG_WARN_UNGUARDED_AVAILABILITY = YES_AGGRESSIVE;
				CLANG_WARN_UNREACHABLE_CODE = YES;
				CLANG_WARN__DUPLICATE_METHOD_MATCH = YES;
				COPY_PHASE_STRIP = NO;
				DEBUG_INFORMATION_FORMAT = "dwarf-with-dsym";
				ENABLE_NS_ASSERTIONS = NO;
				ENABLE_STRICT_OBJC_MSGSEND = YES;
				GCC_C_LANGUAGE_STANDARD = gnu11;
				GCC_NO_COMMON_BLOCKS = YES;
				GCC_WARN_64_TO_32_BIT_CONVERSION = YES;
				GCC_WARN_ABOUT_RETURN_TYPE = YES_ERROR;
				GCC_WARN_UNDECLARED_SELECTOR = YES;
				GCC_WARN_UNINITIALIZED_AUTOS = YES_AGGRESSIVE;
				GCC_WARN_UNUSED_FUNCTION = YES;
				GCC_WARN_UNUSED_VARIABLE = YES;
				IPHONEOS_DEPLOYMENT_TARGET = 13.0;
				MTL_ENABLE_DEBUG_INFO = NO;
				MTL_FAST_MATH = YES;
				SDKROOT = iphoneos;
				SWIFT_COMPILATION_MODE = wholemodule;
				SWIFT_OPTIMIZATION_LEVEL = "-O";
				VALIDATE_PRODUCT = YES;
			};
			name = Release;
		};
		D058D5AA2309E10D00B30641 /* Debug */ = {
			isa = XCBuildConfiguration;
			buildSettings = {
				ASSETCATALOG_COMPILER_APPICON_NAME = AppIcon;
				CODE_SIGN_STYLE = Automatic;
				DEVELOPMENT_TEAM = 535DKE8RS4;
				INFOPLIST_FILE = "SwiftChart-Example/Info.plist";
				LD_RUNPATH_SEARCH_PATHS = (
					"$(inherited)",
					"@executable_path/Frameworks",
				);
				PRODUCT_BUNDLE_IDENTIFIER = "com.petersalz.SwiftChart-Example";
				PRODUCT_NAME = "$(TARGET_NAME)";
				SWIFT_VERSION = 5.0;
				TARGETED_DEVICE_FAMILY = "1,2";
			};
			name = Debug;
		};
		D058D5AB2309E10D00B30641 /* Release */ = {
			isa = XCBuildConfiguration;
			buildSettings = {
				ASSETCATALOG_COMPILER_APPICON_NAME = AppIcon;
				CODE_SIGN_STYLE = Automatic;
				DEVELOPMENT_TEAM = 535DKE8RS4;
				INFOPLIST_FILE = "SwiftChart-Example/Info.plist";
				LD_RUNPATH_SEARCH_PATHS = (
					"$(inherited)",
					"@executable_path/Frameworks",
				);
				PRODUCT_BUNDLE_IDENTIFIER = "com.petersalz.SwiftChart-Example";
				PRODUCT_NAME = "$(TARGET_NAME)";
				SWIFT_VERSION = 5.0;
				TARGETED_DEVICE_FAMILY = "1,2";
			};
			name = Release;
		};
/* End XCBuildConfiguration section */

/* Begin XCConfigurationList section */
		D058D5902309E10C00B30641 /* Build configuration list for PBXProject "SwiftChart-Example" */ = {
			isa = XCConfigurationList;
			buildConfigurations = (
				D058D5A72309E10D00B30641 /* Debug */,
				D058D5A82309E10D00B30641 /* Release */,
			);
			defaultConfigurationIsVisible = 0;
			defaultConfigurationName = Release;
		};
		D058D5A92309E10D00B30641 /* Build configuration list for PBXNativeTarget "SwiftChart-Example" */ = {
			isa = XCConfigurationList;
			buildConfigurations = (
				D058D5AA2309E10D00B30641 /* Debug */,
				D058D5AB2309E10D00B30641 /* Release */,
			);
			defaultConfigurationIsVisible = 0;
			defaultConfigurationName = Release;
		};
/* End XCConfigurationList section */
	};
	rootObject = D058D58D2309E10C00B30641 /* Project object */;
}
